
Microsoft Visual Studio Solution File, Format Version 12.00
# Visual Studio Version 17
VisualStudioVersion = 17.14.36518.9 d17.14
MinimumVisualStudioVersion = 10.0.40219.1
Project("{8BC9CEB8-8B4A-11D0-8D11-00A0C91BC942}") = "1 source", "1\1.vcxproj", "{B49292EC-0E41-46F1-A7D5-6292DD600BFC}"
EndProject
Project("{8BC9CEB8-8B4A-11D0-8D11-00A0C91BC942}") = "2 source", "2 source\2 source.vcxproj", "{A71AEF85-5B25-43CB-B25A-FF24C4DC9BCC}"
EndProject
Project("{8BC9CEB8-8B4A-11D0-8D11-00A0C91BC942}") = "3 source", "3 source\3 source.vcxproj", "{D8195A9B-F472-47D7-8985-B35A1869FFF0}"
EndProject
Project("{8BC9CEB8-8B4A-11D0-8D11-00A0C91BC942}") = "4 source", "4 source\4 source.vcxproj", "{DE0FFB75-C4C2-4479-AF8F-ECE39CB5F76E}"
EndProject
Project("{8BC9CEB8-8B4A-11D0-8D11-00A0C91BC942}") = "5 source", "5 source\5 source.vcxproj", "{FA732B23-94EE-4236-9355-BDB4CF346656}"
EndProject
Project("{8BC9CEB8-8B4A-11D0-8D11-00A0C91BC942}") = "6 source", "6 source\6 source.vcxproj", "{8A57ED5C-16BF-4135-9FF9-928831A2AC4F}"
EndProject
Project("{8BC9CEB8-8B4A-11D0-8D11-00A0C91BC942}") = "7 source", "7 source\7 source.vcxproj", "{BB7237D4-968C-44A5-841E-DAF89D87B4FB}"
EndProject
Project("{8BC9CEB8-8B4A-11D0-8D11-00A0C91BC942}") = "8 source", "8 source\8 source.vcxproj", "{BD3AA999-AF17-4D04-98BA-7280D510A653}"
EndProject
Project("{8BC9CEB8-8B4A-11D0-8D11-00A0C91BC942}") = "9 source", "9 source\9 source.vcxproj", "{B9C3FF8A-DAEB-44E2-AEB4-7A8172378C13}"
EndProject
Project("{8BC9CEB8-8B4A-11D0-8D11-00A0C91BC942}") = "10 source", "10 source\10 source.vcxproj", "{92D80402-2FA0-44F2-8CBA-198720632874}"
EndProject
Project("{8BC9CEB8-8B4A-11D0-8D11-00A0C91BC942}") = "11 source", "11 source\11 source.vcxproj", "{C78E4DD1-1B2B-4B6D-B379-A6AD661C39E9}"
EndProject
Project("{8BC9CEB8-8B4A-11D0-8D11-00A0C91BC942}") = "12 source", "12 source\12 source.vcxproj", "{854A2D53-71B4-4900-8623-98BA0AB6D2E3}"
EndProject
Project("{8BC9CEB8-8B4A-11D0-8D11-00A0C91BC942}") = "13 source", "13 source\13 source.vcxproj", "{8F9F83D7-5AEF-448B-AC65-0D3F0B080E08}"
EndProject
Project("{8BC9CEB8-8B4A-11D0-8D11-00A0C91BC942}") = "14 source", "14 source\14 source.vcxproj", "{535370A5-2D30-4101-BDB1-24CFC73A326A}"
EndProject
Project("{8BC9CEB8-8B4A-11D0-8D11-00A0C91BC942}") = "15 source", "15 source\15 source.vcxproj", "{508E988A-7C23-4B39-AC46-1C047CBB3934}"
EndProject
Project("{8BC9CEB8-8B4A-11D0-8D11-00A0C91BC942}") = "16 source", "16 source\16 source.vcxproj", "{AD6DC880-F377-408F-860E-FEABB9AEC74C}"
EndProject
Project("{8BC9CEB8-8B4A-11D0-8D11-00A0C91BC942}") = "17 source", "17 source\17 source.vcxproj", "{218CDFBD-2520-4112-8088-9AA7EFADF872}"
EndProject
Project("{8BC9CEB8-8B4A-11D0-8D11-00A0C91BC942}") = "18 source", "18 source\18 source.vcxproj", "{EBA93943-537A-4902-AC2E-083284949767}"
EndProject
Project("{8BC9CEB8-8B4A-11D0-8D11-00A0C91BC942}") = "19 source", "19 source\19 source.vcxproj", "{61555324-FFAB-491A-9D14-684B365A8C9E}"
EndProject
Project("{8BC9CEB8-8B4A-11D0-8D11-00A0C91BC942}") = "20 source", "20 source\20 source.vcxproj", "{E4CE7054-64D5-4BA2-A4A9-1E456C9BC7A6}"
EndProject
Project("{8BC9CEB8-8B4A-11D0-8D11-00A0C91BC942}") = "21 source", "21 source\21 source.vcxproj", "{6B5DFF47-3804-4E2C-8F39-61B862A175EF}"
EndProject
Global
	GlobalSection(SolutionConfigurationPlatforms) = preSolution
		Debug|x64 = Debug|x64
		Debug|x86 = Debug|x86
		Release|x64 = Release|x64
		Release|x86 = Release|x86
	EndGlobalSection
	GlobalSection(ProjectConfigurationPlatforms) = postSolution
		{B49292EC-0E41-46F1-A7D5-6292DD600BFC}.Debug|x64.ActiveCfg = Debug|x64
		{B49292EC-0E41-46F1-A7D5-6292DD600BFC}.Debug|x64.Build.0 = Debug|x64
		{B49292EC-0E41-46F1-A7D5-6292DD600BFC}.Debug|x86.ActiveCfg = Debug|Win32
		{B49292EC-0E41-46F1-A7D5-6292DD600BFC}.Debug|x86.Build.0 = Debug|Win32
		{B49292EC-0E41-46F1-A7D5-6292DD600BFC}.Release|x64.ActiveCfg = Release|x64
		{B49292EC-0E41-46F1-A7D5-6292DD600BFC}.Release|x64.Build.0 = Release|x64
		{B49292EC-0E41-46F1-A7D5-6292DD600BFC}.Release|x86.ActiveCfg = Release|Win32
		{B49292EC-0E41-46F1-A7D5-6292DD600BFC}.Release|x86.Build.0 = Release|Win32
		{A71AEF85-5B25-43CB-B25A-FF24C4DC9BCC}.Debug|x64.ActiveCfg = Debug|x64
		{A71AEF85-5B25-43CB-B25A-FF24C4DC9BCC}.Debug|x64.Build.0 = Debug|x64
		{A71AEF85-5B25-43CB-B25A-FF24C4DC9BCC}.Debug|x86.ActiveCfg = Debug|Win32
		{A71AEF85-5B25-43CB-B25A-FF24C4DC9BCC}.Debug|x86.Build.0 = Debug|Win32
		{A71AEF85-5B25-43CB-B25A-FF24C4DC9BCC}.Release|x64.ActiveCfg = Release|x64
		{A71AEF85-5B25-43CB-B25A-FF24C4DC9BCC}.Release|x64.Build.0 = Release|x64
		{A71AEF85-5B25-43CB-B25A-FF24C4DC9BCC}.Release|x86.ActiveCfg = Release|Win32
		{A71AEF85-5B25-43CB-B25A-FF24C4DC9BCC}.Release|x86.Build.0 = Release|Win32
		{D8195A9B-F472-47D7-8985-B35A1869FFF0}.Debug|x64.ActiveCfg = Debug|x64
		{D8195A9B-F472-47D7-8985-B35A1869FFF0}.Debug|x64.Build.0 = Debug|x64
		{D8195A9B-F472-47D7-8985-B35A1869FFF0}.Debug|x86.ActiveCfg = Debug|Win32
		{D8195A9B-F472-47D7-8985-B35A1869FFF0}.Debug|x86.Build.0 = Debug|Win32
		{D8195A9B-F472-47D7-8985-B35A1869FFF0}.Release|x64.ActiveCfg = Release|x64
		{D8195A9B-F472-47D7-8985-B35A1869FFF0}.Release|x64.Build.0 = Release|x64
		{D8195A9B-F472-47D7-8985-B35A1869FFF0}.Release|x86.ActiveCfg = Release|Win32
		{D8195A9B-F472-47D7-8985-B35A1869FFF0}.Release|x86.Build.0 = Release|Win32
		{DE0FFB75-C4C2-4479-AF8F-ECE39CB5F76E}.Debug|x64.ActiveCfg = Debug|x64
		{DE0FFB75-C4C2-4479-AF8F-ECE39CB5F76E}.Debug|x64.Build.0 = Debug|x64
		{DE0FFB75-C4C2-4479-AF8F-ECE39CB5F76E}.Debug|x86.ActiveCfg = Debug|Win32
		{DE0FFB75-C4C2-4479-AF8F-ECE39CB5F76E}.Debug|x86.Build.0 = Debug|Win32
		{DE0FFB75-C4C2-4479-AF8F-ECE39CB5F76E}.Release|x64.ActiveCfg = Release|x64
		{DE0FFB75-C4C2-4479-AF8F-ECE39CB5F76E}.Release|x64.Build.0 = Release|x64
		{DE0FFB75-C4C2-4479-AF8F-ECE39CB5F76E}.Release|x86.ActiveCfg = Release|Win32
		{DE0FFB75-C4C2-4479-AF8F-ECE39CB5F76E}.Release|x86.Build.0 = Release|Win32
		{FA732B23-94EE-4236-9355-BDB4CF346656}.Debug|x64.ActiveCfg = Debug|x64
		{FA732B23-94EE-4236-9355-BDB4CF346656}.Debug|x64.Build.0 = Debug|x64
		{FA732B23-94EE-4236-9355-BDB4CF346656}.Debug|x86.ActiveCfg = Debug|Win32
		{FA732B23-94EE-4236-9355-BDB4CF346656}.Debug|x86.Build.0 = Debug|Win32
		{FA732B23-94EE-4236-9355-BDB4CF346656}.Release|x64.ActiveCfg = Release|x64
		{FA732B23-94EE-4236-9355-BDB4CF346656}.Release|x64.Build.0 = Release|x64
		{FA732B23-94EE-4236-9355-BDB4CF346656}.Release|x86.ActiveCfg = Release|Win32
		{FA732B23-94EE-4236-9355-BDB4CF346656}.Release|x86.Build.0 = Release|Win32
		{8A57ED5C-16BF-4135-9FF9-928831A2AC4F}.Debug|x64.ActiveCfg = Debug|x64
		{8A57ED5C-16BF-4135-9FF9-928831A2AC4F}.Debug|x64.Build.0 = Debug|x64
		{8A57ED5C-16BF-4135-9FF9-928831A2AC4F}.Debug|x86.ActiveCfg = Debug|Win32
		{8A57ED5C-16BF-4135-9FF9-928831A2AC4F}.Debug|x86.Build.0 = Debug|Win32
		{8A57ED5C-16BF-4135-9FF9-928831A2AC4F}.Release|x64.ActiveCfg = Release|x64
		{8A57ED5C-16BF-4135-9FF9-928831A2AC4F}.Release|x64.Build.0 = Release|x64
		{8A57ED5C-16BF-4135-9FF9-928831A2AC4F}.Release|x86.ActiveCfg = Release|Win32
		{8A57ED5C-16BF-4135-9FF9-928831A2AC4F}.Release|x86.Build.0 = Release|Win32
		{BB7237D4-968C-44A5-841E-DAF89D87B4FB}.Debug|x64.ActiveCfg = Debug|x64
		{BB7237D4-968C-44A5-841E-DAF89D87B4FB}.Debug|x64.Build.0 = Debug|x64
		{BB7237D4-968C-44A5-841E-DAF89D87B4FB}.Debug|x86.ActiveCfg = Debug|Win32
		{BB7237D4-968C-44A5-841E-DAF89D87B4FB}.Debug|x86.Build.0 = Debug|Win32
		{BB7237D4-968C-44A5-841E-DAF89D87B4FB}.Release|x64.ActiveCfg = Release|x64
		{BB7237D4-968C-44A5-841E-DAF89D87B4FB}.Release|x64.Build.0 = Release|x64
		{BB7237D4-968C-44A5-841E-DAF89D87B4FB}.Release|x86.ActiveCfg = Release|Win32
		{BB7237D4-968C-44A5-841E-DAF89D87B4FB}.Release|x86.Build.0 = Release|Win32
		{BD3AA999-AF17-4D04-98BA-7280D510A653}.Debug|x64.ActiveCfg = Debug|x64
		{BD3AA999-AF17-4D04-98BA-7280D510A653}.Debug|x64.Build.0 = Debug|x64
		{BD3AA999-AF17-4D04-98BA-7280D510A653}.Debug|x86.ActiveCfg = Debug|Win32
		{BD3AA999-AF17-4D04-98BA-7280D510A653}.Debug|x86.Build.0 = Debug|Win32
		{BD3AA999-AF17-4D04-98BA-7280D510A653}.Release|x64.ActiveCfg = Release|x64
		{BD3AA999-AF17-4D04-98BA-7280D510A653}.Release|x64.Build.0 = Release|x64
		{BD3AA999-AF17-4D04-98BA-7280D510A653}.Release|x86.ActiveCfg = Release|Win32
		{BD3AA999-AF17-4D04-98BA-7280D510A653}.Release|x86.Build.0 = Release|Win32
		{B9C3FF8A-DAEB-44E2-AEB4-7A8172378C13}.Debug|x64.ActiveCfg = Debug|x64
		{B9C3FF8A-DAEB-44E2-AEB4-7A8172378C13}.Debug|x64.Build.0 = Debug|x64
		{B9C3FF8A-DAEB-44E2-AEB4-7A8172378C13}.Debug|x86.ActiveCfg = Debug|Win32
		{B9C3FF8A-DAEB-44E2-AEB4-7A8172378C13}.Debug|x86.Build.0 = Debug|Win32
		{B9C3FF8A-DAEB-44E2-AEB4-7A8172378C13}.Release|x64.ActiveCfg = Release|x64
		{B9C3FF8A-DAEB-44E2-AEB4-7A8172378C13}.Release|x64.Build.0 = Release|x64
		{B9C3FF8A-DAEB-44E2-AEB4-7A8172378C13}.Release|x86.ActiveCfg = Release|Win32
		{B9C3FF8A-DAEB-44E2-AEB4-7A8172378C13}.Release|x86.Build.0 = Release|Win32
		{92D80402-2FA0-44F2-8CBA-198720632874}.Debug|x64.ActiveCfg = Debug|x64
		{92D80402-2FA0-44F2-8CBA-198720632874}.Debug|x64.Build.0 = Debug|x64
		{92D80402-2FA0-44F2-8CBA-198720632874}.Debug|x86.ActiveCfg = Debug|Win32
		{92D80402-2FA0-44F2-8CBA-198720632874}.Debug|x86.Build.0 = Debug|Win32
		{92D80402-2FA0-44F2-8CBA-198720632874}.Release|x64.ActiveCfg = Release|x64
		{92D80402-2FA0-44F2-8CBA-198720632874}.Release|x64.Build.0 = Release|x64
		{92D80402-2FA0-44F2-8CBA-198720632874}.Release|x86.ActiveCfg = Release|Win32
		{92D80402-2FA0-44F2-8CBA-198720632874}.Release|x86.Build.0 = Release|Win32
		{C78E4DD1-1B2B-4B6D-B379-A6AD661C39E9}.Debug|x64.ActiveCfg = Debug|x64
		{C78E4DD1-1B2B-4B6D-B379-A6AD661C39E9}.Debug|x64.Build.0 = Debug|x64
		{C78E4DD1-1B2B-4B6D-B379-A6AD661C39E9}.Debug|x86.ActiveCfg = Debug|Win32
		{C78E4DD1-1B2B-4B6D-B379-A6AD661C39E9}.Debug|x86.Build.0 = Debug|Win32
		{C78E4DD1-1B2B-4B6D-B379-A6AD661C39E9}.Release|x64.ActiveCfg = Release|x64
		{C78E4DD1-1B2B-4B6D-B379-A6AD661C39E9}.Release|x64.Build.0 = Release|x64
		{C78E4DD1-1B2B-4B6D-B379-A6AD661C39E9}.Release|x86.ActiveCfg = Release|Win32
		{C78E4DD1-1B2B-4B6D-B379-A6AD661C39E9}.Release|x86.Build.0 = Release|Win32
		{854A2D53-71B4-4900-8623-98BA0AB6D2E3}.Debug|x64.ActiveCfg = Debug|x64
		{854A2D53-71B4-4900-8623-98BA0AB6D2E3}.Debug|x64.Build.0 = Debug|x64
		{854A2D53-71B4-4900-8623-98BA0AB6D2E3}.Debug|x86.ActiveCfg = Debug|Win32
		{854A2D53-71B4-4900-8623-98BA0AB6D2E3}.Debug|x86.Build.0 = Debug|Win32
		{854A2D53-71B4-4900-8623-98BA0AB6D2E3}.Release|x64.ActiveCfg = Release|x64
		{854A2D53-71B4-4900-8623-98BA0AB6D2E3}.Release|x64.Build.0 = Release|x64
		{854A2D53-71B4-4900-8623-98BA0AB6D2E3}.Release|x86.ActiveCfg = Release|Win32
		{854A2D53-71B4-4900-8623-98BA0AB6D2E3}.Release|x86.Build.0 = Release|Win32
		{8F9F83D7-5AEF-448B-AC65-0D3F0B080E08}.Debug|x64.ActiveCfg = Debug|x64
		{8F9F83D7-5AEF-448B-AC65-0D3F0B080E08}.Debug|x64.Build.0 = Debug|x64
		{8F9F83D7-5AEF-448B-AC65-0D3F0B080E08}.Debug|x86.ActiveCfg = Debug|Win32
		{8F9F83D7-5AEF-448B-AC65-0D3F0B080E08}.Debug|x86.Build.0 = Debug|Win32
		{8F9F83D7-5AEF-448B-AC65-0D3F0B080E08}.Release|x64.ActiveCfg = Release|x64
		{8F9F83D7-5AEF-448B-AC65-0D3F0B080E08}.Release|x64.Build.0 = Release|x64
		{8F9F83D7-5AEF-448B-AC65-0D3F0B080E08}.Release|x86.ActiveCfg = Release|Win32
		{8F9F83D7-5AEF-448B-AC65-0D3F0B080E08}.Release|x86.Build.0 = Release|Win32
		{535370A5-2D30-4101-BDB1-24CFC73A326A}.Debug|x64.ActiveCfg = Debug|x64
		{535370A5-2D30-4101-BDB1-24CFC73A326A}.Debug|x64.Build.0 = Debug|x64
		{535370A5-2D30-4101-BDB1-24CFC73A326A}.Debug|x86.ActiveCfg = Debug|Win32
		{535370A5-2D30-4101-BDB1-24CFC73A326A}.Debug|x86.Build.0 = Debug|Win32
		{535370A5-2D30-4101-BDB1-24CFC73A326A}.Release|x64.ActiveCfg = Release|x64
		{535370A5-2D30-4101-BDB1-24CFC73A326A}.Release|x64.Build.0 = Release|x64
		{535370A5-2D30-4101-BDB1-24CFC73A326A}.Release|x86.ActiveCfg = Release|Win32
		{535370A5-2D30-4101-BDB1-24CFC73A326A}.Release|x86.Build.0 = Release|Win32
		{508E988A-7C23-4B39-AC46-1C047CBB3934}.Debug|x64.ActiveCfg = Debug|x64
		{508E988A-7C23-4B39-AC46-1C047CBB3934}.Debug|x64.Build.0 = Debug|x64
		{508E988A-7C23-4B39-AC46-1C047CBB3934}.Debug|x86.ActiveCfg = Debug|Win32
		{508E988A-7C23-4B39-AC46-1C047CBB3934}.Debug|x86.Build.0 = Debug|Win32
		{508E988A-7C23-4B39-AC46-1C047CBB3934}.Release|x64.ActiveCfg = Release|x64
		{508E988A-7C23-4B39-AC46-1C047CBB3934}.Release|x64.Build.0 = Release|x64
		{508E988A-7C23-4B39-AC46-1C047CBB3934}.Release|x86.ActiveCfg = Release|Win32
		{508E988A-7C23-4B39-AC46-1C047CBB3934}.Release|x86.Build.0 = Release|Win32
		{AD6DC880-F377-408F-860E-FEABB9AEC74C}.Debug|x64.ActiveCfg = Debug|x64
		{AD6DC880-F377-408F-860E-FEABB9AEC74C}.Debug|x64.Build.0 = Debug|x64
		{AD6DC880-F377-408F-860E-FEABB9AEC74C}.Debug|x86.ActiveCfg = Debug|Win32
		{AD6DC880-F377-408F-860E-FEABB9AEC74C}.Debug|x86.Build.0 = Debug|Win32
		{AD6DC880-F377-408F-860E-FEABB9AEC74C}.Release|x64.ActiveCfg = Release|x64
		{AD6DC880-F377-408F-860E-FEABB9AEC74C}.Release|x64.Build.0 = Release|x64
		{AD6DC880-F377-408F-860E-FEABB9AEC74C}.Release|x86.ActiveCfg = Release|Win32
		{AD6DC880-F377-408F-860E-FEABB9AEC74C}.Release|x86.Build.0 = Release|Win32
		{218CDFBD-2520-4112-8088-9AA7EFADF872}.Debug|x64.ActiveCfg = Debug|x64
		{218CDFBD-2520-4112-8088-9AA7EFADF872}.Debug|x64.Build.0 = Debug|x64
		{218CDFBD-2520-4112-8088-9AA7EFADF872}.Debug|x86.ActiveCfg = Debug|Win32
		{218CDFBD-2520-4112-8088-9AA7EFADF872}.Debug|x86.Build.0 = Debug|Win32
		{218CDFBD-2520-4112-8088-9AA7EFADF872}.Release|x64.ActiveCfg = Release|x64
		{218CDFBD-2520-4112-8088-9AA7EFADF872}.Release|x64.Build.0 = Release|x64
		{218CDFBD-2520-4112-8088-9AA7EFADF872}.Release|x86.ActiveCfg = Release|Win32
		{218CDFBD-2520-4112-8088-9AA7EFADF872}.Release|x86.Build.0 = Release|Win32
		{EBA93943-537A-4902-AC2E-083284949767}.Debug|x64.ActiveCfg = Debug|x64
		{EBA93943-537A-4902-AC2E-083284949767}.Debug|x64.Build.0 = Debug|x64
		{EBA93943-537A-4902-AC2E-083284949767}.Debug|x86.ActiveCfg = Debug|Win32
		{EBA93943-537A-4902-AC2E-083284949767}.Debug|x86.Build.0 = Debug|Win32
		{EBA93943-537A-4902-AC2E-083284949767}.Release|x64.ActiveCfg = Release|x64
		{EBA93943-537A-4902-AC2E-083284949767}.Release|x64.Build.0 = Release|x64
		{EBA93943-537A-4902-AC2E-083284949767}.Release|x86.ActiveCfg = Release|Win32
		{EBA93943-537A-4902-AC2E-083284949767}.Release|x86.Build.0 = Release|Win32
		{61555324-FFAB-491A-9D14-684B365A8C9E}.Debug|x64.ActiveCfg = Debug|x64
		{61555324-FFAB-491A-9D14-684B365A8C9E}.Debug|x64.Build.0 = Debug|x64
		{61555324-FFAB-491A-9D14-684B365A8C9E}.Debug|x86.ActiveCfg = Debug|Win32
		{61555324-FFAB-491A-9D14-684B365A8C9E}.Debug|x86.Build.0 = Debug|Win32
		{61555324-FFAB-491A-9D14-684B365A8C9E}.Release|x64.ActiveCfg = Release|x64
		{61555324-FFAB-491A-9D14-684B365A8C9E}.Release|x64.Build.0 = Release|x64
		{61555324-FFAB-491A-9D14-684B365A8C9E}.Release|x86.ActiveCfg = Release|Win32
		{61555324-FFAB-491A-9D14-684B365A8C9E}.Release|x86.Build.0 = Release|Win32
		{E4CE7054-64D5-4BA2-A4A9-1E456C9BC7A6}.Debug|x64.ActiveCfg = Debug|x64
		{E4CE7054-64D5-4BA2-A4A9-1E456C9BC7A6}.Debug|x64.Build.0 = Debug|x64
		{E4CE7054-64D5-4BA2-A4A9-1E456C9BC7A6}.Debug|x86.ActiveCfg = Debug|Win32
		{E4CE7054-64D5-4BA2-A4A9-1E456C9BC7A6}.Debug|x86.Build.0 = Debug|Win32
		{E4CE7054-64D5-4BA2-A4A9-1E456C9BC7A6}.Release|x64.ActiveCfg = Release|x64
		{E4CE7054-64D5-4BA2-A4A9-1E456C9BC7A6}.Release|x64.Build.0 = Release|x64
		{E4CE7054-64D5-4BA2-A4A9-1E456C9BC7A6}.Release|x86.ActiveCfg = Release|Win32
		{E4CE7054-64D5-4BA2-A4A9-1E456C9BC7A6}.Release|x86.Build.0 = Release|Win32
		{6B5DFF47-3804-4E2C-8F39-61B862A175EF}.Debug|x64.ActiveCfg = Debug|x64
		{6B5DFF47-3804-4E2C-8F39-61B862A175EF}.Debug|x64.Build.0 = Debug|x64
		{6B5DFF47-3804-4E2C-8F39-61B862A175EF}.Debug|x86.ActiveCfg = Debug|Win32
		{6B5DFF47-3804-4E2C-8F39-61B862A175EF}.Debug|x86.Build.0 = Debug|Win32
		{6B5DFF47-3804-4E2C-8F39-61B862A175EF}.Release|x64.ActiveCfg = Release|x64
		{6B5DFF47-3804-4E2C-8F39-61B862A175EF}.Release|x64.Build.0 = Release|x64
		{6B5DFF47-3804-4E2C-8F39-61B862A175EF}.Release|x86.ActiveCfg = Release|Win32
		{6B5DFF47-3804-4E2C-8F39-61B862A175EF}.Release|x86.Build.0 = Release|Win32
	EndGlobalSection
	GlobalSection(SolutionProperties) = preSolution
		HideSolutionNode = FALSE
	EndGlobalSection
	GlobalSection(ExtensibilityGlobals) = postSolution
		SolutionGuid = {70BB1832-4E23-4F8C-8D21-3A32FC14C7B5}
	EndGlobalSection
EndGlobal
